<Solution>
  <Folder Name="/docs/">
    <File Path="LR2_Report.md" />
    <File Path="LR3_Report.md" />
    <File Path="LR4_Report.md" />
    <File Path="LR5_Report.md" />
    <File Path="LR6_Report.md" />
    <File Path="LR7_Report.md" />
    <File Path="TZ.md" />
  </Folder>
  <Project Path="TaskTracker.App/TaskTracker.App.csproj" />
  <Project Path="TaskTracker.Core/TaskTracker.Core.csproj" />
  <Project Path="TaskTracker.Storage/TaskTracker.Storage.csproj" />
</Solution>
